
Microsoft Visual Studio Solution File, Format Version 12.00
# Visual Studio 15
VisualStudioVersion = 15.0.28307.1209
MinimumVisualStudioVersion = 10.0.40219.1
Project("{FAE04EC0-301F-11D3-BF4B-00C04F79EFBC}") = "WebApplicationTT", "WebApplicationTT\WebApplicationTT.csproj", "{AE2E1DEC-A600-4FAC-BF5A-31CEB99B6C64}"
EndProject
Global
	GlobalSection(SolutionConfigurationPlatforms) = preSolution
		Debug|Any CPU = Debug|Any CPU
		Release|Any CPU = Release|Any CPU
	EndGlobalSection
	GlobalSection(ProjectConfigurationPlatforms) = postSolution
		{AE2E1DEC-A600-4FAC-BF5A-31CEB99B6C64}.Debug|Any CPU.ActiveCfg = Debug|Any CPU
		{AE2E1DEC-A600-4FAC-BF5A-31CEB99B6C64}.Debug|Any CPU.Build.0 = Debug|Any CPU
		{AE2E1DEC-A600-4FAC-BF5A-31CEB99B6C64}.Release|Any CPU.ActiveCfg = Release|Any CPU
		{AE2E1DEC-A600-4FAC-BF5A-31CEB99B6C64}.Release|Any CPU.Build.0 = Release|Any CPU
	EndGlobalSection
	GlobalSection(SolutionProperties) = preSolution
		HideSolutionNode = FALSE
	EndGlobalSection
	GlobalSection(ExtensibilityGlobals) = postSolution
		SolutionGuid = {1CB2BAB9-0793-43F4-B4D9-2E6AFE6BDC1E}
	EndGlobalSection
EndGlobal
